
Microsoft Visual Studio Solution File, Format Version 12.00
# Visual Studio Version 17
VisualStudioVersion = 17.5.33424.131
MinimumVisualStudioVersion = 10.0.40219.1
Project("{FAE04EC0-301F-11D3-BF4B-00C04F79EFBC}") = "PraktikaBudukov6", "PraktikaBudukov6\PraktikaBudukov6.csproj", "{99E3D7EF-2C6B-43B8-8855-2600BC5EB67B}"
EndProject
Global
	GlobalSection(SolutionConfigurationPlatforms) = preSolution
		Debug|Any CPU = Debug|Any CPU
		Release|Any CPU = Release|Any CPU
	EndGlobalSection
	GlobalSection(ProjectConfigurationPlatforms) = postSolution
		{99E3D7EF-2C6B-43B8-8855-2600BC5EB67B}.Debug|Any CPU.ActiveCfg = Debug|Any CPU
		{99E3D7EF-2C6B-43B8-8855-2600BC5EB67B}.Debug|Any CPU.Build.0 = Debug|Any CPU
		{99E3D7EF-2C6B-43B8-8855-2600BC5EB67B}.Release|Any CPU.ActiveCfg = Release|Any CPU
		{99E3D7EF-2C6B-43B8-8855-2600BC5EB67B}.Release|Any CPU.Build.0 = Release|Any CPU
	EndGlobalSection
	GlobalSection(SolutionProperties) = preSolution
		HideSolutionNode = FALSE
	EndGlobalSection
	GlobalSection(ExtensibilityGlobals) = postSolution
		SolutionGuid = {85A4731A-8920-4FB8-BA5D-D38DD79BADBC}
	EndGlobalSection
EndGlobal
